
Microsoft Visual Studio Solution File, Format Version 12.00
# Visual Studio Version 17
VisualStudioVersion = 17.5.33424.131
MinimumVisualStudioVersion = 10.0.40219.1
Project("{2150E333-8FDC-42A3-9474-1A3956D46DE8}") = "01_Introduction", "01_Introduction", "{B0AA3D72-DFDF-4CC6-A828-387B4B2D445D}"
EndProject
Project("{2150E333-8FDC-42A3-9474-1A3956D46DE8}") = "02_DataStructures", "02_DataStructures", "{D0711F71-7CF4-4617-8745-70EE7ECC2C3A}"
EndProject
Project("{2150E333-8FDC-42A3-9474-1A3956D46DE8}") = "03_ASPNETCore", "03_ASPNETCore", "{055E382C-AD8B-4AFC-91C0-9FB0580C344B}"
EndProject
Project("{2150E333-8FDC-42A3-9474-1A3956D46DE8}") = "09_Exercises", "09_Exercises", "{B847FFEE-8F09-4A27-97C1-5F04FCC648F3}"
EndProject
Project("{9A19103F-16F7-4668-BE54-9A1E7A4F7556}") = "01_Connect", "01_Introduction\01_Connect\01_Connect.csproj", "{49856BC4-6A12-4078-A916-F4F2E7B47E3B}"
EndProject
Project("{9A19103F-16F7-4668-BE54-9A1E7A4F7556}") = "02_Pipelining", "01_Introduction\02_Pipelining\02_Pipelining.csproj", "{09DF46DF-92DC-4952-B4E3-3FEBBA47D956}"
EndProject
Project("{9A19103F-16F7-4668-BE54-9A1E7A4F7556}") = "01_RedisStrings", "02_DataStructures\01_RedisStrings\01_RedisStrings.csproj", "{E4B754AB-96C6-471A-8713-CE09E5DDEA33}"
EndProject
Project("{9A19103F-16F7-4668-BE54-9A1E7A4F7556}") = "02_RedisHashes", "02_DataStructures\02_RedisHashes\02_RedisHashes.csproj", "{A5EB12D1-E30B-4F32-B385-9354C9CD5AD7}"
EndProject
Project("{9A19103F-16F7-4668-BE54-9A1E7A4F7556}") = "03_RedisSets", "02_DataStructures\03_RedisSets\03_RedisSets.csproj", "{871BDA85-2FC9-422F-BFBB-6C86CEE76184}"
EndProject
Project("{9A19103F-16F7-4668-BE54-9A1E7A4F7556}") = "04_RedisSortedSets", "02_DataStructures\04_RedisSortedSets\04_RedisSortedSets.csproj", "{7790649B-A720-425A-85BF-3EE0DBDE158A}"
EndProject
Project("{9A19103F-16F7-4668-BE54-9A1E7A4F7556}") = "06_RedisBitmaps", "02_DataStructures\06_RedisBitmaps\06_RedisBitmaps.csproj", "{10331CA8-CC45-4F72-9EF6-D77325534728}"
EndProject
Project("{9A19103F-16F7-4668-BE54-9A1E7A4F7556}") = "08_RedisPubSub", "02_DataStructures\08_RedisPubSub\08_RedisPubSub.csproj", "{6E94E872-6D27-41F1-8D34-CFBEF29CC34D}"
EndProject
Project("{9A19103F-16F7-4668-BE54-9A1E7A4F7556}") = "07_RedisTransactions", "02_DataStructures\07_RedisTransactions\07_RedisTransactions.csproj", "{25DF564F-7021-4A75-A4E6-2819FDC4929B}"
EndProject
Project("{9A19103F-16F7-4668-BE54-9A1E7A4F7556}") = "09_RedisStreams", "02_DataStructures\09_RedisStreams\09_RedisStreams.csproj", "{DA118105-DB7D-4300-9E28-EB0E9742533F}"
EndProject
Project("{9A19103F-16F7-4668-BE54-9A1E7A4F7556}") = "10_RedisGeo", "02_DataStructures\10_RedisGeo\10_RedisGeo.csproj", "{19CF6D92-7D32-49B1-B844-427E10DAF025}"
EndProject
Project("{9A19103F-16F7-4668-BE54-9A1E7A4F7556}") = "01_RedisStrings", "03_ASPNETCore\01_RedisStrings\01_RedisStrings.csproj", "{D098D6BA-59F1-4540-934B-457621BD4621}"
EndProject
Project("{9A19103F-16F7-4668-BE54-9A1E7A4F7556}") = "01_RedisStrings", "09_Exercises\01_RedisStrings\01_RedisStrings.csproj", "{89B31563-156B-468C-9215-956C03311E3C}"
EndProject
Project("{9A19103F-16F7-4668-BE54-9A1E7A4F7556}") = "04_RedisSortedSets", "03_ASPNETCore\04_RedisSortedSets\04_RedisSortedSets.csproj", "{D295954D-4DF5-46BD-9D5F-9C409F52E063}"
EndProject
Project("{9A19103F-16F7-4668-BE54-9A1E7A4F7556}") = "02_RedisHashes", "03_ASPNETCore\02_RedisHashes\02_RedisHashes.csproj", "{0E15F06D-3DCE-4B74-A5DE-23D9553F87A1}"
EndProject
Project("{9A19103F-16F7-4668-BE54-9A1E7A4F7556}") = "03_RedisSets", "03_ASPNETCore\03_RedisSets\03_RedisSets.csproj", "{AB2A04E8-64A0-47B7-9278-26EC9469920C}"
EndProject
Project("{9A19103F-16F7-4668-BE54-9A1E7A4F7556}") = "02_RedisHashes", "09_Exercises\02_RedisHashes\02_RedisHashes.csproj", "{7B716773-22D3-44F5-B9C6-39DB738D1C8C}"
EndProject
Project("{9A19103F-16F7-4668-BE54-9A1E7A4F7556}") = "03_RedisSets", "09_Exercises\03_RedisSets\03_RedisSets.csproj", "{B5662C3B-1B06-4250-973E-9882326F8A39}"
EndProject
Project("{9A19103F-16F7-4668-BE54-9A1E7A4F7556}") = "04_RedisSortedSets", "09_Exercises\04_RedisSortedSets\04_RedisSortedSets.csproj", "{1F1640AF-2DD2-42CF-A227-C83E57A670F7}"
EndProject
Project("{9A19103F-16F7-4668-BE54-9A1E7A4F7556}") = "05_RedisLists", "02_DataStructures\05_RedisLists\05_RedisLists.csproj", "{421D3E0C-6B55-41E8-B33E-5D556097B508}"
EndProject
Project("{9A19103F-16F7-4668-BE54-9A1E7A4F7556}") = "10_RedisGeo", "09_Exercises\10_RedisGeo\10_RedisGeo.csproj", "{C50FAF3E-921B-4DDA-8D35-253FE14292D6}"
EndProject
Project("{9A19103F-16F7-4668-BE54-9A1E7A4F7556}") = "06_RedisBitmaps", "09_Exercises\06_RedisBitmaps\06_RedisBitmaps.csproj", "{E41EF058-9284-465A-BDF3-502892527306}"
EndProject
Project("{9A19103F-16F7-4668-BE54-9A1E7A4F7556}") = "05_RedisLists", "09_Exercises\05_RedisLists\05_RedisLists.csproj", "{D0AC9426-D53B-4AC8-AC1C-42A9D75150F1}"
EndProject
Project("{9A19103F-16F7-4668-BE54-9A1E7A4F7556}") = "09_RedisStreams", "09_Exercises\10_RedisStreams\09_RedisStreams.csproj", "{7379C22B-A44A-4C86-9F7E-7A26BAAC5A8A}"
EndProject
Project("{9A19103F-16F7-4668-BE54-9A1E7A4F7556}") = "07_RedisTransactions", "09_Exercises\07_RedisTransactions\07_RedisTransactions.csproj", "{5246A2BF-84C4-4762-AD9B-47F9D975146A}"
EndProject
Project("{FAE04EC0-301F-11D3-BF4B-00C04F79EFBC}") = "11_HyperLogLog", "11_HyperLogLog\11_HyperLogLog.csproj", "{A9443D61-305C-4A5F-9D16-D90A277A5CD9}"
EndProject
Project("{FAE04EC0-301F-11D3-BF4B-00C04F79EFBC}") = "11_RedisHyperLogLog", "03_ASPNETCore\11_RedisHyperLogLog\11_RedisHyperLogLog.csproj", "{327CBBA4-E41C-465B-B346-0293154ECADB}"
EndProject
Global
	GlobalSection(SolutionConfigurationPlatforms) = preSolution
		Debug|Any CPU = Debug|Any CPU
		Release|Any CPU = Release|Any CPU
	EndGlobalSection
	GlobalSection(ProjectConfigurationPlatforms) = postSolution
		{49856BC4-6A12-4078-A916-F4F2E7B47E3B}.Debug|Any CPU.ActiveCfg = Debug|Any CPU
		{49856BC4-6A12-4078-A916-F4F2E7B47E3B}.Debug|Any CPU.Build.0 = Debug|Any CPU
		{49856BC4-6A12-4078-A916-F4F2E7B47E3B}.Release|Any CPU.ActiveCfg = Release|Any CPU
		{49856BC4-6A12-4078-A916-F4F2E7B47E3B}.Release|Any CPU.Build.0 = Release|Any CPU
		{09DF46DF-92DC-4952-B4E3-3FEBBA47D956}.Debug|Any CPU.ActiveCfg = Debug|Any CPU
		{09DF46DF-92DC-4952-B4E3-3FEBBA47D956}.Debug|Any CPU.Build.0 = Debug|Any CPU
		{09DF46DF-92DC-4952-B4E3-3FEBBA47D956}.Release|Any CPU.ActiveCfg = Release|Any CPU
		{09DF46DF-92DC-4952-B4E3-3FEBBA47D956}.Release|Any CPU.Build.0 = Release|Any CPU
		{E4B754AB-96C6-471A-8713-CE09E5DDEA33}.Debug|Any CPU.ActiveCfg = Debug|Any CPU
		{E4B754AB-96C6-471A-8713-CE09E5DDEA33}.Debug|Any CPU.Build.0 = Debug|Any CPU
		{E4B754AB-96C6-471A-8713-CE09E5DDEA33}.Release|Any CPU.ActiveCfg = Release|Any CPU
		{E4B754AB-96C6-471A-8713-CE09E5DDEA33}.Release|Any CPU.Build.0 = Release|Any CPU
		{A5EB12D1-E30B-4F32-B385-9354C9CD5AD7}.Debug|Any CPU.ActiveCfg = Debug|Any CPU
		{A5EB12D1-E30B-4F32-B385-9354C9CD5AD7}.Debug|Any CPU.Build.0 = Debug|Any CPU
		{A5EB12D1-E30B-4F32-B385-9354C9CD5AD7}.Release|Any CPU.ActiveCfg = Release|Any CPU
		{A5EB12D1-E30B-4F32-B385-9354C9CD5AD7}.Release|Any CPU.Build.0 = Release|Any CPU
		{871BDA85-2FC9-422F-BFBB-6C86CEE76184}.Debug|Any CPU.ActiveCfg = Debug|Any CPU
		{871BDA85-2FC9-422F-BFBB-6C86CEE76184}.Debug|Any CPU.Build.0 = Debug|Any CPU
		{871BDA85-2FC9-422F-BFBB-6C86CEE76184}.Release|Any CPU.ActiveCfg = Release|Any CPU
		{871BDA85-2FC9-422F-BFBB-6C86CEE76184}.Release|Any CPU.Build.0 = Release|Any CPU
		{7790649B-A720-425A-85BF-3EE0DBDE158A}.Debug|Any CPU.ActiveCfg = Debug|Any CPU
		{7790649B-A720-425A-85BF-3EE0DBDE158A}.Debug|Any CPU.Build.0 = Debug|Any CPU
		{7790649B-A720-425A-85BF-3EE0DBDE158A}.Release|Any CPU.ActiveCfg = Release|Any CPU
		{7790649B-A720-425A-85BF-3EE0DBDE158A}.Release|Any CPU.Build.0 = Release|Any CPU
		{10331CA8-CC45-4F72-9EF6-D77325534728}.Debug|Any CPU.ActiveCfg = Debug|Any CPU
		{10331CA8-CC45-4F72-9EF6-D77325534728}.Debug|Any CPU.Build.0 = Debug|Any CPU
		{10331CA8-CC45-4F72-9EF6-D77325534728}.Release|Any CPU.ActiveCfg = Release|Any CPU
		{10331CA8-CC45-4F72-9EF6-D77325534728}.Release|Any CPU.Build.0 = Release|Any CPU
		{6E94E872-6D27-41F1-8D34-CFBEF29CC34D}.Debug|Any CPU.ActiveCfg = Debug|Any CPU
		{6E94E872-6D27-41F1-8D34-CFBEF29CC34D}.Debug|Any CPU.Build.0 = Debug|Any CPU
		{6E94E872-6D27-41F1-8D34-CFBEF29CC34D}.Release|Any CPU.ActiveCfg = Release|Any CPU
		{6E94E872-6D27-41F1-8D34-CFBEF29CC34D}.Release|Any CPU.Build.0 = Release|Any CPU
		{25DF564F-7021-4A75-A4E6-2819FDC4929B}.Debug|Any CPU.ActiveCfg = Debug|Any CPU
		{25DF564F-7021-4A75-A4E6-2819FDC4929B}.Debug|Any CPU.Build.0 = Debug|Any CPU
		{25DF564F-7021-4A75-A4E6-2819FDC4929B}.Release|Any CPU.ActiveCfg = Release|Any CPU
		{25DF564F-7021-4A75-A4E6-2819FDC4929B}.Release|Any CPU.Build.0 = Release|Any CPU
		{DA118105-DB7D-4300-9E28-EB0E9742533F}.Debug|Any CPU.ActiveCfg = Debug|Any CPU
		{DA118105-DB7D-4300-9E28-EB0E9742533F}.Debug|Any CPU.Build.0 = Debug|Any CPU
		{DA118105-DB7D-4300-9E28-EB0E9742533F}.Release|Any CPU.ActiveCfg = Release|Any CPU
		{DA118105-DB7D-4300-9E28-EB0E9742533F}.Release|Any CPU.Build.0 = Release|Any CPU
		{19CF6D92-7D32-49B1-B844-427E10DAF025}.Debug|Any CPU.ActiveCfg = Debug|Any CPU
		{19CF6D92-7D32-49B1-B844-427E10DAF025}.Debug|Any CPU.Build.0 = Debug|Any CPU
		{19CF6D92-7D32-49B1-B844-427E10DAF025}.Release|Any CPU.ActiveCfg = Release|Any CPU
		{19CF6D92-7D32-49B1-B844-427E10DAF025}.Release|Any CPU.Build.0 = Release|Any CPU
		{D098D6BA-59F1-4540-934B-457621BD4621}.Debug|Any CPU.ActiveCfg = Debug|Any CPU
		{D098D6BA-59F1-4540-934B-457621BD4621}.Debug|Any CPU.Build.0 = Debug|Any CPU
		{D098D6BA-59F1-4540-934B-457621BD4621}.Release|Any CPU.ActiveCfg = Release|Any CPU
		{D098D6BA-59F1-4540-934B-457621BD4621}.Release|Any CPU.Build.0 = Release|Any CPU
		{89B31563-156B-468C-9215-956C03311E3C}.Debug|Any CPU.ActiveCfg = Debug|Any CPU
		{89B31563-156B-468C-9215-956C03311E3C}.Debug|Any CPU.Build.0 = Debug|Any CPU
		{89B31563-156B-468C-9215-956C03311E3C}.Release|Any CPU.ActiveCfg = Release|Any CPU
		{89B31563-156B-468C-9215-956C03311E3C}.Release|Any CPU.Build.0 = Release|Any CPU
		{D295954D-4DF5-46BD-9D5F-9C409F52E063}.Debug|Any CPU.ActiveCfg = Debug|Any CPU
		{D295954D-4DF5-46BD-9D5F-9C409F52E063}.Debug|Any CPU.Build.0 = Debug|Any CPU
		{D295954D-4DF5-46BD-9D5F-9C409F52E063}.Release|Any CPU.ActiveCfg = Release|Any CPU
		{D295954D-4DF5-46BD-9D5F-9C409F52E063}.Release|Any CPU.Build.0 = Release|Any CPU
		{0E15F06D-3DCE-4B74-A5DE-23D9553F87A1}.Debug|Any CPU.ActiveCfg = Debug|Any CPU
		{0E15F06D-3DCE-4B74-A5DE-23D9553F87A1}.Debug|Any CPU.Build.0 = Debug|Any CPU
		{0E15F06D-3DCE-4B74-A5DE-23D9553F87A1}.Release|Any CPU.ActiveCfg = Release|Any CPU
		{0E15F06D-3DCE-4B74-A5DE-23D9553F87A1}.Release|Any CPU.Build.0 = Release|Any CPU
		{AB2A04E8-64A0-47B7-9278-26EC9469920C}.Debug|Any CPU.ActiveCfg = Debug|Any CPU
		{AB2A04E8-64A0-47B7-9278-26EC9469920C}.Debug|Any CPU.Build.0 = Debug|Any CPU
		{AB2A04E8-64A0-47B7-9278-26EC9469920C}.Release|Any CPU.ActiveCfg = Release|Any CPU
		{AB2A04E8-64A0-47B7-9278-26EC9469920C}.Release|Any CPU.Build.0 = Release|Any CPU
		{7B716773-22D3-44F5-B9C6-39DB738D1C8C}.Debug|Any CPU.ActiveCfg = Debug|Any CPU
		{7B716773-22D3-44F5-B9C6-39DB738D1C8C}.Debug|Any CPU.Build.0 = Debug|Any CPU
		{7B716773-22D3-44F5-B9C6-39DB738D1C8C}.Release|Any CPU.ActiveCfg = Release|Any CPU
		{7B716773-22D3-44F5-B9C6-39DB738D1C8C}.Release|Any CPU.Build.0 = Release|Any CPU
		{B5662C3B-1B06-4250-973E-9882326F8A39}.Debug|Any CPU.ActiveCfg = Debug|Any CPU
		{B5662C3B-1B06-4250-973E-9882326F8A39}.Debug|Any CPU.Build.0 = Debug|Any CPU
		{B5662C3B-1B06-4250-973E-9882326F8A39}.Release|Any CPU.ActiveCfg = Release|Any CPU
		{B5662C3B-1B06-4250-973E-9882326F8A39}.Release|Any CPU.Build.0 = Release|Any CPU
		{1F1640AF-2DD2-42CF-A227-C83E57A670F7}.Debug|Any CPU.ActiveCfg = Debug|Any CPU
		{1F1640AF-2DD2-42CF-A227-C83E57A670F7}.Debug|Any CPU.Build.0 = Debug|Any CPU
		{1F1640AF-2DD2-42CF-A227-C83E57A670F7}.Release|Any CPU.ActiveCfg = Release|Any CPU
		{1F1640AF-2DD2-42CF-A227-C83E57A670F7}.Release|Any CPU.Build.0 = Release|Any CPU
		{421D3E0C-6B55-41E8-B33E-5D556097B508}.Debug|Any CPU.ActiveCfg = Debug|Any CPU
		{421D3E0C-6B55-41E8-B33E-5D556097B508}.Debug|Any CPU.Build.0 = Debug|Any CPU
		{421D3E0C-6B55-41E8-B33E-5D556097B508}.Release|Any CPU.ActiveCfg = Release|Any CPU
		{421D3E0C-6B55-41E8-B33E-5D556097B508}.Release|Any CPU.Build.0 = Release|Any CPU
		{C50FAF3E-921B-4DDA-8D35-253FE14292D6}.Debug|Any CPU.ActiveCfg = Debug|Any CPU
		{C50FAF3E-921B-4DDA-8D35-253FE14292D6}.Debug|Any CPU.Build.0 = Debug|Any CPU
		{C50FAF3E-921B-4DDA-8D35-253FE14292D6}.Release|Any CPU.ActiveCfg = Release|Any CPU
		{C50FAF3E-921B-4DDA-8D35-253FE14292D6}.Release|Any CPU.Build.0 = Release|Any CPU
		{E41EF058-9284-465A-BDF3-502892527306}.Debug|Any CPU.ActiveCfg = Debug|Any CPU
		{E41EF058-9284-465A-BDF3-502892527306}.Debug|Any CPU.Build.0 = Debug|Any CPU
		{E41EF058-9284-465A-BDF3-502892527306}.Release|Any CPU.ActiveCfg = Release|Any CPU
		{E41EF058-9284-465A-BDF3-502892527306}.Release|Any CPU.Build.0 = Release|Any CPU
		{D0AC9426-D53B-4AC8-AC1C-42A9D75150F1}.Debug|Any CPU.ActiveCfg = Debug|Any CPU
		{D0AC9426-D53B-4AC8-AC1C-42A9D75150F1}.Debug|Any CPU.Build.0 = Debug|Any CPU
		{D0AC9426-D53B-4AC8-AC1C-42A9D75150F1}.Release|Any CPU.ActiveCfg = Release|Any CPU
		{D0AC9426-D53B-4AC8-AC1C-42A9D75150F1}.Release|Any CPU.Build.0 = Release|Any CPU
		{7379C22B-A44A-4C86-9F7E-7A26BAAC5A8A}.Debug|Any CPU.ActiveCfg = Debug|Any CPU
		{7379C22B-A44A-4C86-9F7E-7A26BAAC5A8A}.Debug|Any CPU.Build.0 = Debug|Any CPU
		{7379C22B-A44A-4C86-9F7E-7A26BAAC5A8A}.Release|Any CPU.ActiveCfg = Release|Any CPU
		{7379C22B-A44A-4C86-9F7E-7A26BAAC5A8A}.Release|Any CPU.Build.0 = Release|Any CPU
		{5246A2BF-84C4-4762-AD9B-47F9D975146A}.Debug|Any CPU.ActiveCfg = Debug|Any CPU
		{5246A2BF-84C4-4762-AD9B-47F9D975146A}.Debug|Any CPU.Build.0 = Debug|Any CPU
		{5246A2BF-84C4-4762-AD9B-47F9D975146A}.Release|Any CPU.ActiveCfg = Release|Any CPU
		{5246A2BF-84C4-4762-AD9B-47F9D975146A}.Release|Any CPU.Build.0 = Release|Any CPU
		{A9443D61-305C-4A5F-9D16-D90A277A5CD9}.Debug|Any CPU.ActiveCfg = Debug|Any CPU
		{A9443D61-305C-4A5F-9D16-D90A277A5CD9}.Debug|Any CPU.Build.0 = Debug|Any CPU
		{A9443D61-305C-4A5F-9D16-D90A277A5CD9}.Release|Any CPU.ActiveCfg = Release|Any CPU
		{A9443D61-305C-4A5F-9D16-D90A277A5CD9}.Release|Any CPU.Build.0 = Release|Any CPU
		{327CBBA4-E41C-465B-B346-0293154ECADB}.Debug|Any CPU.ActiveCfg = Debug|Any CPU
		{327CBBA4-E41C-465B-B346-0293154ECADB}.Debug|Any CPU.Build.0 = Debug|Any CPU
		{327CBBA4-E41C-465B-B346-0293154ECADB}.Release|Any CPU.ActiveCfg = Release|Any CPU
		{327CBBA4-E41C-465B-B346-0293154ECADB}.Release|Any CPU.Build.0 = Release|Any CPU
	EndGlobalSection
	GlobalSection(SolutionProperties) = preSolution
		HideSolutionNode = FALSE
	EndGlobalSection
	GlobalSection(NestedProjects) = preSolution
		{49856BC4-6A12-4078-A916-F4F2E7B47E3B} = {B0AA3D72-DFDF-4CC6-A828-387B4B2D445D}
		{09DF46DF-92DC-4952-B4E3-3FEBBA47D956} = {B0AA3D72-DFDF-4CC6-A828-387B4B2D445D}
		{E4B754AB-96C6-471A-8713-CE09E5DDEA33} = {D0711F71-7CF4-4617-8745-70EE7ECC2C3A}
		{A5EB12D1-E30B-4F32-B385-9354C9CD5AD7} = {D0711F71-7CF4-4617-8745-70EE7ECC2C3A}
		{871BDA85-2FC9-422F-BFBB-6C86CEE76184} = {D0711F71-7CF4-4617-8745-70EE7ECC2C3A}
		{7790649B-A720-425A-85BF-3EE0DBDE158A} = {D0711F71-7CF4-4617-8745-70EE7ECC2C3A}
		{10331CA8-CC45-4F72-9EF6-D77325534728} = {D0711F71-7CF4-4617-8745-70EE7ECC2C3A}
		{6E94E872-6D27-41F1-8D34-CFBEF29CC34D} = {D0711F71-7CF4-4617-8745-70EE7ECC2C3A}
		{25DF564F-7021-4A75-A4E6-2819FDC4929B} = {D0711F71-7CF4-4617-8745-70EE7ECC2C3A}
		{DA118105-DB7D-4300-9E28-EB0E9742533F} = {D0711F71-7CF4-4617-8745-70EE7ECC2C3A}
		{19CF6D92-7D32-49B1-B844-427E10DAF025} = {D0711F71-7CF4-4617-8745-70EE7ECC2C3A}
		{D098D6BA-59F1-4540-934B-457621BD4621} = {055E382C-AD8B-4AFC-91C0-9FB0580C344B}
		{89B31563-156B-468C-9215-956C03311E3C} = {B847FFEE-8F09-4A27-97C1-5F04FCC648F3}
		{D295954D-4DF5-46BD-9D5F-9C409F52E063} = {055E382C-AD8B-4AFC-91C0-9FB0580C344B}
		{0E15F06D-3DCE-4B74-A5DE-23D9553F87A1} = {055E382C-AD8B-4AFC-91C0-9FB0580C344B}
		{AB2A04E8-64A0-47B7-9278-26EC9469920C} = {055E382C-AD8B-4AFC-91C0-9FB0580C344B}
		{7B716773-22D3-44F5-B9C6-39DB738D1C8C} = {B847FFEE-8F09-4A27-97C1-5F04FCC648F3}
		{B5662C3B-1B06-4250-973E-9882326F8A39} = {B847FFEE-8F09-4A27-97C1-5F04FCC648F3}
		{1F1640AF-2DD2-42CF-A227-C83E57A670F7} = {B847FFEE-8F09-4A27-97C1-5F04FCC648F3}
		{421D3E0C-6B55-41E8-B33E-5D556097B508} = {D0711F71-7CF4-4617-8745-70EE7ECC2C3A}
		{C50FAF3E-921B-4DDA-8D35-253FE14292D6} = {B847FFEE-8F09-4A27-97C1-5F04FCC648F3}
		{E41EF058-9284-465A-BDF3-502892527306} = {B847FFEE-8F09-4A27-97C1-5F04FCC648F3}
		{D0AC9426-D53B-4AC8-AC1C-42A9D75150F1} = {B847FFEE-8F09-4A27-97C1-5F04FCC648F3}
		{7379C22B-A44A-4C86-9F7E-7A26BAAC5A8A} = {B847FFEE-8F09-4A27-97C1-5F04FCC648F3}
		{5246A2BF-84C4-4762-AD9B-47F9D975146A} = {B847FFEE-8F09-4A27-97C1-5F04FCC648F3}
		{A9443D61-305C-4A5F-9D16-D90A277A5CD9} = {D0711F71-7CF4-4617-8745-70EE7ECC2C3A}
		{327CBBA4-E41C-465B-B346-0293154ECADB} = {055E382C-AD8B-4AFC-91C0-9FB0580C344B}
	EndGlobalSection
	GlobalSection(ExtensibilityGlobals) = postSolution
		SolutionGuid = {70112A9D-AA84-4D49-A6F9-6F027496376B}
	EndGlobalSection
EndGlobal
